
Microsoft Visual Studio Solution File, Format Version 12.00
# Visual Studio Version 16
VisualStudioVersion = 16.0.30114.105
MinimumVisualStudioVersion = 10.0.40219.1
Project("{8BC9CEB8-8B4A-11D0-8D11-00A0C91BC942}") = "Project5", "Project5.vcxproj", "{09D65A1C-E844-4489-87DB-5274818BA3AF}"
EndProject
Global
	GlobalSection(SolutionConfigurationPlatforms) = preSolution
		Debug|x64 = Debug|x64
		Debug|x86 = Debug|x86
		Release|x64 = Release|x64
		Release|x86 = Release|x86
	EndGlobalSection
	GlobalSection(ProjectConfigurationPlatforms) = postSolution
		{09D65A1C-E844-4489-87DB-5274818BA3AF}.Debug|x64.ActiveCfg = Debug|x64
		{09D65A1C-E844-4489-87DB-5274818BA3AF}.Debug|x64.Build.0 = Debug|x64
		{09D65A1C-E844-4489-87DB-5274818BA3AF}.Debug|x86.ActiveCfg = Debug|Win32
		{09D65A1C-E844-4489-87DB-5274818BA3AF}.Debug|x86.Build.0 = Debug|Win32
		{09D65A1C-E844-4489-87DB-5274818BA3AF}.Release|x64.ActiveCfg = Release|x64
		{09D65A1C-E844-4489-87DB-5274818BA3AF}.Release|x64.Build.0 = Release|x64
		{09D65A1C-E844-4489-87DB-5274818BA3AF}.Release|x86.ActiveCfg = Release|Win32
		{09D65A1C-E844-4489-87DB-5274818BA3AF}.Release|x86.Build.0 = Release|Win32
	EndGlobalSection
	GlobalSection(SolutionProperties) = preSolution
		HideSolutionNode = FALSE
	EndGlobalSection
	GlobalSection(ExtensibilityGlobals) = postSolution
		SolutionGuid = {3FE6433A-9552-4569-BF76-587C2C81A424}
	EndGlobalSection
EndGlobal
